
Microsoft Visual Studio Solution File, Format Version 12.00
# Visual Studio Version 17
VisualStudioVersion = 17.2.32630.192
MinimumVisualStudioVersion = 10.0.40219.1
Project("{9A19103F-16F7-4668-BE54-9A1E7A4F7556}") = "ChatApp", "ChatApp.csproj", "{894E700C-97ED-4349-AEF1-A8913CEE65D5}"
EndProject
Global
	GlobalSection(SolutionConfigurationPlatforms) = preSolution
		Debug|Any CPU = Debug|Any CPU
		Release|Any CPU = Release|Any CPU
	EndGlobalSection
	GlobalSection(ProjectConfigurationPlatforms) = postSolution
		{894E700C-97ED-4349-AEF1-A8913CEE65D5}.Debug|Any CPU.ActiveCfg = Debug|Any CPU
		{894E700C-97ED-4349-AEF1-A8913CEE65D5}.Debug|Any CPU.Build.0 = Debug|Any CPU
		{894E700C-97ED-4349-AEF1-A8913CEE65D5}.Release|Any CPU.ActiveCfg = Release|Any CPU
		{894E700C-97ED-4349-AEF1-A8913CEE65D5}.Release|Any CPU.Build.0 = Release|Any CPU
	EndGlobalSection
	GlobalSection(SolutionProperties) = preSolution
		HideSolutionNode = FALSE
	EndGlobalSection
	GlobalSection(ExtensibilityGlobals) = postSolution
		SolutionGuid = {D3364B3A-02A0-41F7-93C2-96F195618E29}
	EndGlobalSection
EndGlobal
